
Microsoft Visual Studio Solution File, Format Version 12.00
# Visual Studio Version 16
VisualStudioVersion = 16.0.32510.428
MinimumVisualStudioVersion = 10.0.40219.1
Project("{9A19103F-16F7-4668-BE54-9A1E7A4F7556}") = "Chess.Console", "Chess.Console\Chess.Console.csproj", "{30BC9C4C-0CA0-4371-B0CF-CACF057DD1D9}"
EndProject
Project("{FAE04EC0-301F-11D3-BF4B-00C04F79EFBC}") = "ExampleForms", "ExampleForms\ExampleForms.csproj", "{B55E7B86-E479-45E7-9C26-E5550E211064}"
EndProject
Project("{FAE04EC0-301F-11D3-BF4B-00C04F79EFBC}") = "Chess.Engine", "Chess.Engine\Chess.Engine.csproj", "{3D7E9989-02ED-474D-BA2F-08163DDDB910}"
EndProject
Global
	GlobalSection(SolutionConfigurationPlatforms) = preSolution
		Debug|Any CPU = Debug|Any CPU
		Release|Any CPU = Release|Any CPU
	EndGlobalSection
	GlobalSection(ProjectConfigurationPlatforms) = postSolution
		{30BC9C4C-0CA0-4371-B0CF-CACF057DD1D9}.Debug|Any CPU.ActiveCfg = Debug|Any CPU
		{30BC9C4C-0CA0-4371-B0CF-CACF057DD1D9}.Debug|Any CPU.Build.0 = Debug|Any CPU
		{30BC9C4C-0CA0-4371-B0CF-CACF057DD1D9}.Release|Any CPU.ActiveCfg = Release|Any CPU
		{30BC9C4C-0CA0-4371-B0CF-CACF057DD1D9}.Release|Any CPU.Build.0 = Release|Any CPU
		{B55E7B86-E479-45E7-9C26-E5550E211064}.Debug|Any CPU.ActiveCfg = Debug|Any CPU
		{B55E7B86-E479-45E7-9C26-E5550E211064}.Debug|Any CPU.Build.0 = Debug|Any CPU
		{B55E7B86-E479-45E7-9C26-E5550E211064}.Release|Any CPU.ActiveCfg = Release|Any CPU
		{B55E7B86-E479-45E7-9C26-E5550E211064}.Release|Any CPU.Build.0 = Release|Any CPU
		{3D7E9989-02ED-474D-BA2F-08163DDDB910}.Debug|Any CPU.ActiveCfg = Debug|Any CPU
		{3D7E9989-02ED-474D-BA2F-08163DDDB910}.Debug|Any CPU.Build.0 = Debug|Any CPU
		{3D7E9989-02ED-474D-BA2F-08163DDDB910}.Release|Any CPU.ActiveCfg = Release|Any CPU
		{3D7E9989-02ED-474D-BA2F-08163DDDB910}.Release|Any CPU.Build.0 = Release|Any CPU
	EndGlobalSection
	GlobalSection(SolutionProperties) = preSolution
		HideSolutionNode = FALSE
	EndGlobalSection
	GlobalSection(ExtensibilityGlobals) = postSolution
		SolutionGuid = {E44C1024-DDC5-44EC-AD73-2653CE96DBD4}
	EndGlobalSection
EndGlobal
